// !$*UTF8*$!
{
	archiveVersion = 1;
	classes = {
	};
	objectVersion = 46;
	objects = {

/* Begin PBXBuildFile section */
		44D057DA1F6758B90023754E /* AppDelegate.swift in Sources */ = {isa = PBXBuildFile; fileRef = 44D057D91F6758B90023754E /* AppDelegate.swift */; };
		44D057DC1F6758B90023754E /* ViewController.swift in Sources */ = {isa = PBXBuildFile; fileRef = 44D057DB1F6758B90023754E /* ViewController.swift */; };
		44D057DF1F6758B90023754E /* Main.storyboard in Resources */ = {isa = PBXBuildFile; fileRef = 44D057DD1F6758B90023754E /* Main.storyboard */; };
		44D057E11F6758B90023754E /* Assets.xcassets in Resources */ = {isa = PBXBuildFile; fileRef = 44D057E01F6758B90023754E /* Assets.xcassets */; };
		44D057E41F6758B90023754E /* LaunchScreen.storyboard in Resources */ = {isa = PBXBuildFile; fileRef = 44D057E21F6758B90023754E /* LaunchScreen.storyboard */; };
		44D057EF1F6758B90023754E /* rainbow_roadTests.swift in Sources */ = {isa = PBXBuildFile; fileRef = 44D057EE1F6758B90023754E /* rainbow_roadTests.swift */; };
		44D057FA1F6758B90023754E /* rainbow_roadUITests.swift in Sources */ = {isa = PBXBuildFile; fileRef = 44D057F91F6758B90023754E /* rainbow_roadUITests.swift */; };
/* End PBXBuildFile section */

/* Begin PBXContainerItemProxy section */
		44D057EB1F6758B90023754E /* PBXContainerItemProxy */ = {
			isa = PBXContainerItemProxy;
			containerPortal = 44D057CE1F6758B90023754E /* Project object */;
			proxyType = 1;
			remoteGlobalIDString = 44D057D51F6758B90023754E;
			remoteInfo = rainbow_road;
		};
		44D057F61F6758B90023754E /* PBXContainerItemProxy */ = {
			isa = PBXContainerItemProxy;
			containerPortal = 44D057CE1F6758B90023754E /* Project object */;
			proxyType = 1;
			remoteGlobalIDString = 44D057D51F6758B90023754E;
			remoteInfo = rainbow_road;
		};
/* End PBXContainerItemProxy section */

/* Begin PBXFileReference section */
		44D057D61F6758B90023754E /* rainbow_road.app */ = {isa = PBXFileReference; explicitFileType = wrapper.application; includeInIndex = 0; path = rainbow_road.app; sourceTree = BUILT_PRODUCTS_DIR; };
		44D057D91F6758B90023754E /* AppDelegate.swift */ = {isa = PBXFileReference; lastKnownFileType = sourcecode.swift; path = AppDelegate.swift; sourceTree = "<group>"; };
		44D057DB1F6758B90023754E /* ViewController.swift */ = {isa = PBXFileReference; lastKnownFileType = sourcecode.swift; path = ViewController.swift; sourceTree = "<group>"; };
		44D057DE1F6758B90023754E /* Base */ = {isa = PBXFileReference; lastKnownFileType = file.storyboard; name = Base; path = Base.lproj/Main.storyboard; sourceTree = "<group>"; };
		44D057E01F6758B90023754E /* Assets.xcassets */ = {isa = PBXFileReference; lastKnownFileType = folder.assetcatalog; path = Assets.xcassets; sourceTree = "<group>"; };
		44D057E31F6758B90023754E /* Base */ = {isa = PBXFileReference; lastKnownFileType = file.storyboard; name = Base; path = Base.lproj/LaunchScreen.storyboard; sourceTree = "<group>"; };
		44D057E51F6758B90023754E /* Info.plist */ = {isa = PBXFileReference; lastKnownFileType = text.plist.xml; path = Info.plist; sourceTree = "<group>"; };
		44D057EA1F6758B90023754E /* rainbow_roadTests.xctest */ = {isa = PBXFileReference; explicitFileType = wrapper.cfbundle; includeInIndex = 0; path = rainbow_roadTests.xctest; sourceTree = BUILT_PRODUCTS_DIR; };
		44D057EE1F6758B90023754E /* rainbow_roadTests.swift */ = {isa = PBXFileReference; lastKnownFileType = sourcecode.swift; path = rainbow_roadTests.swift; sourceTree = "<group>"; };
		44D057F01F6758B90023754E /* Info.plist */ = {isa = PBXFileReference; lastKnownFileType = text.plist.xml; path = Info.plist; sourceTree = "<group>"; };
		44D057F51F6758B90023754E /* rainbow_roadUITests.xctest */ = {isa = PBXFileReference; explicitFileType = wrapper.cfbundle; includeInIndex = 0; path = rainbow_roadUITests.xctest; sourceTree = BUILT_PRODUCTS_DIR; };
		44D057F91F6758B90023754E /* rainbow_roadUITests.swift */ = {isa = PBXFileReference; lastKnownFileType = sourcecode.swift; path = rainbow_roadUITests.swift; sourceTree = "<group>"; };
		44D057FB1F6758BA0023754E /* Info.plist */ = {isa = PBXFileReference; lastKnownFileType = text.plist.xml; path = Info.plist; sourceTree = "<group>"; };
/* End PBXFileReference section */

/* Begin PBXFrameworksBuildPhase section */
		44D057D31F6758B90023754E /* Frameworks */ = {
			isa = PBXFrameworksBuildPhase;
			buildActionMask = 2147483647;
			files = (
			);
			runOnlyForDeploymentPostprocessing = 0;
		};
		44D057E71F6758B90023754E /* Frameworks */ = {
			isa = PBXFrameworksBuildPhase;
			buildActionMask = 2147483647;
			files = (
			);
			runOnlyForDeploymentPostprocessing = 0;
		};
		44D057F21F6758B90023754E /* Frameworks */ = {
			isa = PBXFrameworksBuildPhase;
			buildActionMask = 2147483647;
			files = (
			);
			runOnlyForDeploymentPostprocessing = 0;
		};
/* End PBXFrameworksBuildPhase section */

/* Begin PBXGroup section */
		44D057CD1F6758B90023754E = {
			isa = PBXGroup;
			children = (
				44D057D81F6758B90023754E /* rainbow_road */,
				44D057ED1F6758B90023754E /* rainbow_roadTests */,
				44D057F81F6758B90023754E /* rainbow_roadUITests */,
				44D057D71F6758B90023754E /* Products */,
			);
			sourceTree = "<group>";
		};
		44D057D71F6758B90023754E /* Products */ = {
			isa = PBXGroup;
			children = (
				44D057D61F6758B90023754E /* rainbow_road.app */,
				44D057EA1F6758B90023754E /* rainbow_roadTests.xctest */,
				44D057F51F6758B90023754E /* rainbow_roadUITests.xctest */,
			);
			name = Products;
			sourceTree = "<group>";
		};
		44D057D81F6758B90023754E /* rainbow_road */ = {
			isa = PBXGroup;
			children = (
				44D057D91F6758B90023754E /* AppDelegate.swift */,
				44D057DB1F6758B90023754E /* ViewController.swift */,
				44D057DD1F6758B90023754E /* Main.storyboard */,
				44D057E01F6758B90023754E /* Assets.xcassets */,
				44D057E21F6758B90023754E /* LaunchScreen.storyboard */,
				44D057E51F6758B90023754E /* Info.plist */,
			);
			path = rainbow_road;
			sourceTree = "<group>";
		};
		44D057ED1F6758B90023754E /* rainbow_roadTests */ = {
			isa = PBXGroup;
			children = (
				44D057EE1F6758B90023754E /* rainbow_roadTests.swift */,
				44D057F01F6758B90023754E /* Info.plist */,
			);
			path = rainbow_roadTests;
			sourceTree = "<group>";
		};
		44D057F81F6758B90023754E /* rainbow_roadUITests */ = {
			isa = PBXGroup;
			children = (
				44D057F91F6758B90023754E /* rainbow_roadUITests.swift */,
				44D057FB1F6758BA0023754E /* Info.plist */,
			);
			path = rainbow_roadUITests;
			sourceTree = "<group>";
		};
/* End PBXGroup section */

/* Begin PBXNativeTarget section */
		44D057D51F6758B90023754E /* rainbow_road */ = {
			isa = PBXNativeTarget;
			buildConfigurationList = 44D057FE1F6758BA0023754E /* Build configuration list for PBXNativeTarget "rainbow_road" */;
			buildPhases = (
				44D057D21F6758B90023754E /* Sources */,
				44D057D31F6758B90023754E /* Frameworks */,
				44D057D41F6758B90023754E /* Resources */,
			);
			buildRules = (
			);
			dependencies = (
			);
			name = rainbow_road;
			productName = rainbow_road;
			productReference = 44D057D61F6758B90023754E /* rainbow_road.app */;
			productType = "com.apple.product-type.application";
		};
		44D057E91F6758B90023754E /* rainbow_roadTests */ = {
			isa = PBXNativeTarget;
			buildConfigurationList = 44D058011F6758BA0023754E /* Build configuration list for PBXNativeTarget "rainbow_roadTests" */;
			buildPhases = (
				44D057E61F6758B90023754E /* Sources */,
				44D057E71F6758B90023754E /* Frameworks */,
				44D057E81F6758B90023754E /* Resources */,
			);
			buildRules = (
			);
			dependencies = (
				44D057EC1F6758B90023754E /* PBXTargetDependency */,
			);
			name = rainbow_roadTests;
			productName = rainbow_roadTests;
			productReference = 44D057EA1F6758B90023754E /* rainbow_roadTests.xctest */;
			productType = "com.apple.product-type.bundle.unit-test";
		};
		44D057F41F6758B90023754E /* rainbow_roadUITests */ = {
			isa = PBXNativeTarget;
			buildConfigurationList = 44D058041F6758BA0023754E /* Build configuration list for PBXNativeTarget "rainbow_roadUITests" */;
			buildPhases = (
				44D057F11F6758B90023754E /* Sources */,
				44D057F21F6758B90023754E /* Frameworks */,
				44D057F31F6758B90023754E /* Resources */,
			);
			buildRules = (
			);
			dependencies = (
				44D057F71F6758B90023754E /* PBXTargetDependency */,
			);
			name = rainbow_roadUITests;
			productName = rainbow_roadUITests;
			productReference = 44D057F51F6758B90023754E /* rainbow_roadUITests.xctest */;
			productType = "com.apple.product-type.bundle.ui-testing";
		};
/* End PBXNativeTarget section */

/* Begin PBXProject section */
		44D057CE1F6758B90023754E /* Project object */ = {
			isa = PBXProject;
			attributes = {
				LastSwiftUpdateCheck = 0830;
				LastUpgradeCheck = 0830;
				ORGANIZATIONNAME = "Lorman Lau";
				TargetAttributes = {
					44D057D51F6758B90023754E = {
						CreatedOnToolsVersion = 8.3.3;
						DevelopmentTeam = 8UB7RHG236;
						ProvisioningStyle = Automatic;
					};
					44D057E91F6758B90023754E = {
						CreatedOnToolsVersion = 8.3.3;
						DevelopmentTeam = 8UB7RHG236;
						ProvisioningStyle = Automatic;
						TestTargetID = 44D057D51F6758B90023754E;
					};
					44D057F41F6758B90023754E = {
						CreatedOnToolsVersion = 8.3.3;
						DevelopmentTeam = 8UB7RHG236;
						ProvisioningStyle = Automatic;
						TestTargetID = 44D057D51F6758B90023754E;
					};
				};
			};
			buildConfigurationList = 44D057D11F6758B90023754E /* Build configuration list for PBXProject "rainbow_road" */;
			compatibilityVersion = "Xcode 3.2";
			developmentRegion = English;
			hasScannedForEncodings = 0;
			knownRegions = (
				en,
				Base,
			);
			mainGroup = 44D057CD1F6758B90023754E;
			productRefGroup = 44D057D71F6758B90023754E /* Products */;
			projectDirPath = "";
			projectRoot = "";
			targets = (
				44D057D51F6758B90023754E /* rainbow_road */,
				44D057E91F6758B90023754E /* rainbow_roadTests */,
				44D057F41F6758B90023754E /* rainbow_roadUITests */,
			);
		};
/* End PBXProject section */

/* Begin PBXResourcesBuildPhase section */
		44D057D41F6758B90023754E /* Resources */ = {
			isa = PBXResourcesBuildPhase;
			buildActionMask = 2147483647;
			files = (
				44D057E41F6758B90023754E /* LaunchScreen.storyboard in Resources */,
				44D057E11F6758B90023754E /* Assets.xcassets in Resources */,
				44D057DF1F6758B90023754E /* Main.storyboard in Resources */,
			);
			runOnlyForDeploymentPostprocessing = 0;
		};
		44D057E81F6758B90023754E /* Resources */ = {
			isa = PBXResourcesBuildPhase;
			buildActionMask = 2147483647;
			files = (
			);
			runOnlyForDeploymentPostprocessing = 0;
		};
		44D057F31F6758B90023754E /* Resources */ = {
			isa = PBXResourcesBuildPhase;
			buildActionMask = 2147483647;
			files = (
			);
			runOnlyForDeploymentPostprocessing = 0;
		};
/* End PBXResourcesBuildPhase section */

/* Begin PBXSourcesBuildPhase section */
		44D057D21F6758B90023754E /* Sources */ = {
			isa = PBXSourcesBuildPhase;
			buildActionMask = 2147483647;
			files = (
				44D057DC1F6758B90023754E /* ViewController.swift in Sources */,
				44D057DA1F6758B90023754E /* AppDelegate.swift in Sources */,
			);
			runOnlyForDeploymentPostprocessing = 0;
		};
		44D057E61F6758B90023754E /* Sources */ = {
			isa = PBXSourcesBuildPhase;
			buildActionMask = 2147483647;
			files = (
				44D057EF1F6758B90023754E /* rainbow_roadTests.swift in Sources */,
			);
			runOnlyForDeploymentPostprocessing = 0;
		};
		44D057F11F6758B90023754E /* Sources */ = {
			isa = PBXSourcesBuildPhase;
			buildActionMask = 2147483647;
			files = (
				44D057FA1F6758B90023754E /* rainbow_roadUITests.swift in Sources */,
			);
			runOnlyForDeploymentPostprocessing = 0;
		};
/* End PBXSourcesBuildPhase section */

/* Begin PBXTargetDependency section */
		44D057EC1F6758B90023754E /* PBXTargetDependency */ = {
			isa = PBXTargetDependency;
			target = 44D057D51F6758B90023754E /* rainbow_road */;
			targetProxy = 44D057EB1F6758B90023754E /* PBXContainerItemProxy */;
		};
		44D057F71F6758B90023754E /* PBXTargetDependency */ = {
			isa = PBXTargetDependency;
			target = 44D057D51F6758B90023754E /* rainbow_road */;
			targetProxy = 44D057F61F6758B90023754E /* PBXContainerItemProxy */;
		};
/* End PBXTargetDependency section */

/* Begin PBXVariantGroup section */
		44D057DD1F6758B90023754E /* Main.storyboard */ = {
			isa = PBXVariantGroup;
			children = (
				44D057DE1F6758B90023754E /* Base */,
			);
			name = Main.storyboard;
			sourceTree = "<group>";
		};
		44D057E21F6758B90023754E /* LaunchScreen.storyboard */ = {
			isa = PBXVariantGroup;
			children = (
				44D057E31F6758B90023754E /* Base */,
			);
			name = LaunchScreen.storyboard;
			sourceTree = "<group>";
		};
/* End PBXVariantGroup section */

/* Begin XCBuildConfiguration section */
		44D057FC1F6758BA0023754E /* Debug */ = {
			isa = XCBuildConfiguration;
			buildSettings = {
				ALWAYS_SEARCH_USER_PATHS = NO;
				CLANG_ANALYZER_NONNULL = YES;
				CLANG_ANALYZER_NUMBER_OBJECT_CONVERSION = YES_AGGRESSIVE;
				CLANG_CXX_LANGUAGE_STANDARD = "gnu++0x";
				CLANG_CXX_LIBRARY = "libc++";
				CLANG_ENABLE_MODULES = YES;
				CLANG_ENABLE_OBJC_ARC = YES;
				CLANG_WARN_BOOL_CONVERSION = YES;
				CLANG_WARN_CONSTANT_CONVERSION = YES;
				CLANG_WARN_DIRECT_OBJC_ISA_USAGE = YES_ERROR;
				CLANG_WARN_DOCUMENTATION_COMMENTS = YES;
				CLANG_WARN_EMPTY_BODY = YES;
				CLANG_WARN_ENUM_CONVERSION = YES;
				CLANG_WARN_INFINITE_RECURSION = YES;
				CLANG_WARN_INT_CONVERSION = YES;
				CLANG_WARN_OBJC_ROOT_CLASS = YES_ERROR;
				CLANG_WARN_SUSPICIOUS_MOVE = YES;
				CLANG_WARN_UNREACHABLE_CODE = YES;
				CLANG_WARN__DUPLICATE_METHOD_MATCH = YES;
				"CODE_SIGN_IDENTITY[sdk=iphoneos*]" = "iPhone Developer";
				COPY_PHASE_STRIP = NO;
				DEBUG_INFORMATION_FORMAT = dwarf;
				ENABLE_STRICT_OBJC_MSGSEND = YES;
				ENABLE_TESTABILITY = YES;
				GCC_C_LANGUAGE_STANDARD = gnu99;
				GCC_DYNAMIC_NO_PIC = NO;
				GCC_NO_COMMON_BLOCKS = YES;
				GCC_OPTIMIZATION_LEVEL = 0;
				GCC_PREPROCESSOR_DEFINITIONS = (
					"DEBUG=1",
					"$(inherited)",
				);
				GCC_WARN_64_TO_32_BIT_CONVERSION = YES;
				GCC_WARN_ABOUT_RETURN_TYPE = YES_ERROR;
				GCC_WARN_UNDECLARED_SELECTOR = YES;
				GCC_WARN_UNINITIALIZED_AUTOS = YES_AGGRESSIVE;
				GCC_WARN_UNUSED_FUNCTION = YES;
				GCC_WARN_UNUSED_VARIABLE = YES;
				IPHONEOS_DEPLOYMENT_TARGET = 10.3;
				MTL_ENABLE_DEBUG_INFO = YES;
				ONLY_ACTIVE_ARCH = YES;
				SDKROOT = iphoneos;
				SWIFT_ACTIVE_COMPILATION_CONDITIONS = DEBUG;
				SWIFT_OPTIMIZATION_LEVEL = "-Onone";
				TARGETED_DEVICE_FAMILY = "1,2";
			};
			name = Debug;
		};
		44D057FD1F6758BA0023754E /* Release */ = {
			isa = XCBuildConfiguration;
			buildSettings = {
				ALWAYS_SEARCH_USER_PATHS = NO;
				CLANG_ANALYZER_NONNULL = YES;
				CLANG_ANALYZER_NUMBER_OBJECT_CONVERSION = YES_AGGRESSIVE;
				CLANG_CXX_LANGUAGE_STANDARD = "gnu++0x";
				CLANG_CXX_LIBRARY = "libc++";
				CLANG_ENABLE_MODULES = YES;
				CLANG_ENABLE_OBJC_ARC = YES;
				CLANG_WARN_BOOL_CONVERSION = YES;
				CLANG_WARN_CONSTANT_CONVERSION = YES;
				CLANG_WARN_DIRECT_OBJC_ISA_USAGE = YES_ERROR;
				CLANG_WARN_DOCUMENTATION_COMMENTS = YES;
				CLANG_WARN_EMPTY_BODY = YES;
				CLANG_WARN_ENUM_CONVERSION = YES;
				CLANG_WARN_INFINITE_RECURSION = YES;
				CLANG_WARN_INT_CONVERSION = YES;
				CLANG_WARN_OBJC_ROOT_CLASS = YES_ERROR;
				CLANG_WARN_SUSPICIOUS_MOVE = YES;
				CLANG_WARN_UNREACHABLE_CODE = YES;
				CLANG_WARN__DUPLICATE_METHOD_MATCH = YES;
				"CODE_SIGN_IDENTITY[sdk=iphoneos*]" = "iPhone Developer";
				COPY_PHASE_STRIP = NO;
				DEBUG_INFORMATION_FORMAT = "dwarf-with-dsym";
				ENABLE_NS_ASSERTIONS = NO;
				ENABLE_STRICT_OBJC_MSGSEND = YES;
				GCC_C_LANGUAGE_STANDARD = gnu99;
				GCC_NO_COMMON_BLOCKS = YES;
				GCC_WARN_64_TO_32_BIT_CONVERSION = YES;
				GCC_WARN_ABOUT_RETURN_TYPE = YES_ERROR;
				GCC_WARN_UNDECLARED_SELECTOR = YES;
				GCC_WARN_UNINITIALIZED_AUTOS = YES_AGGRESSIVE;
				GCC_WARN_UNUSED_FUNCTION = YES;
				GCC_WARN_UNUSED_VARIABLE = YES;
				IPHONEOS_DEPLOYMENT_TARGET = 10.3;
				MTL_ENABLE_DEBUG_INFO = NO;
				SDKROOT = iphoneos;
				SWIFT_OPTIMIZATION_LEVEL = "-Owholemodule";
				TARGETED_DEVICE_FAMILY = "1,2";
				VALIDATE_PRODUCT = YES;
			};
			name = Release;
		};
		44D057FF1F6758BA0023754E /* Debug */ = {
			isa = XCBuildConfiguration;
			buildSettings = {
				ASSETCATALOG_COMPILER_APPICON_NAME = AppIcon;
				DEVELOPMENT_TEAM = 8UB7RHG236;
				INFOPLIST_FILE = rainbow_road/Info.plist;
				LD_RUNPATH_SEARCH_PATHS = "$(inherited) @executable_path/Frameworks";
				PRODUCT_BUNDLE_IDENTIFIER = "lormanlau.rainbow-road";
				PRODUCT_NAME = "$(TARGET_NAME)";
				SWIFT_VERSION = 3.0;
			};
			name = Debug;
		};
		44D058001F6758BA0023754E /* Release */ = {
			isa = XCBuildConfiguration;
			buildSettings = {
				ASSETCATALOG_COMPILER_APPICON_NAME = AppIcon;
				DEVELOPMENT_TEAM = 8UB7RHG236;
				INFOPLIST_FILE = rainbow_road/Info.plist;
				LD_RUNPATH_SEARCH_PATHS = "$(inherited) @executable_path/Frameworks";
				PRODUCT_BUNDLE_IDENTIFIER = "lormanlau.rainbow-road";
				PRODUCT_NAME = "$(TARGET_NAME)";
				SWIFT_VERSION = 3.0;
			};
			name = Release;
		};
		44D058021F6758BA0023754E /* Debug */ = {
			isa = XCBuildConfiguration;
			buildSettings = {
				ALWAYS_EMBED_SWIFT_STANDARD_LIBRARIES = YES;
				BUNDLE_LOADER = "$(TEST_HOST)";
				DEVELOPMENT_TEAM = 8UB7RHG236;
				INFOPLIST_FILE = rainbow_roadTests/Info.plist;
				LD_RUNPATH_SEARCH_PATHS = "$(inherited) @executable_path/Frameworks @loader_path/Frameworks";
				PRODUCT_BUNDLE_IDENTIFIER = "lormanlau.rainbow-roadTests";
				PRODUCT_NAME = "$(TARGET_NAME)";
				SWIFT_VERSION = 3.0;
				TEST_HOST = "$(BUILT_PRODUCTS_DIR)/rainbow_road.app/rainbow_road";
			};
			name = Debug;
		};
		44D058031F6758BA0023754E /* Release */ = {
			isa = XCBuildConfiguration;
			buildSettings = {
				ALWAYS_EMBED_SWIFT_STANDARD_LIBRARIES = YES;
				BUNDLE_LOADER = "$(TEST_HOST)";
				DEVELOPMENT_TEAM = 8UB7RHG236;
				INFOPLIST_FILE = rainbow_roadTests/Info.plist;
				LD_RUNPATH_SEARCH_PATHS = "$(inherited) @executable_path/Frameworks @loader_path/Frameworks";
				PRODUCT_BUNDLE_IDENTIFIER = "lormanlau.rainbow-roadTests";
				PRODUCT_NAME = "$(TARGET_NAME)";
				SWIFT_VERSION = 3.0;
				TEST_HOST = "$(BUILT_PRODUCTS_DIR)/rainbow_road.app/rainbow_road";
			};
			name = Release;
		};
		44D058051F6758BA0023754E /* Debug */ = {
			isa = XCBuildConfiguration;
			buildSettings = {
				ALWAYS_EMBED_SWIFT_STANDARD_LIBRARIES = YES;
				DEVELOPMENT_TEAM = 8UB7RHG236;
				INFOPLIST_FILE = rainbow_roadUITests/Info.plist;
				LD_RUNPATH_SEARCH_PATHS = "$(inherited) @executable_path/Frameworks @loader_path/Frameworks";
				PRODUCT_BUNDLE_IDENTIFIER = "lormanlau.rainbow-roadUITests";
				PRODUCT_NAME = "$(TARGET_NAME)";
				SWIFT_VERSION = 3.0;
				TEST_TARGET_NAME = rainbow_road;
			};
			name = Debug;
		};
		44D058061F6758BA0023754E /* Release */ = {
			isa = XCBuildConfiguration;
			buildSettings = {
				ALWAYS_EMBED_SWIFT_STANDARD_LIBRARIES = YES;
				DEVELOPMENT_TEAM = 8UB7RHG236;
				INFOPLIST_FILE = rainbow_roadUITests/Info.plist;
				LD_RUNPATH_SEARCH_PATHS = "$(inherited) @executable_path/Frameworks @loader_path/Frameworks";
				PRODUCT_BUNDLE_IDENTIFIER = "lormanlau.rainbow-roadUITests";
				PRODUCT_NAME = "$(TARGET_NAME)";
				SWIFT_VERSION = 3.0;
				TEST_TARGET_NAME = rainbow_road;
			};
			name = Release;
		};
/* End XCBuildConfiguration section */

/* Begin XCConfigurationList section */
		44D057D11F6758B90023754E /* Build configuration list for PBXProject "rainbow_road" */ = {
			isa = XCConfigurationList;
			buildConfigurations = (
				44D057FC1F6758BA0023754E /* Debug */,
				44D057FD1F6758BA0023754E /* Release */,
			);
			defaultConfigurationIsVisible = 0;
			defaultConfigurationName = Release;
		};
		44D057FE1F6758BA0023754E /* Build configuration list for PBXNativeTarget "rainbow_road" */ = {
			isa = XCConfigurationList;
			buildConfigurations = (
				44D057FF1F6758BA0023754E /* Debug */,
				44D058001F6758BA0023754E /* Release */,
			);
			defaultConfigurationIsVisible = 0;
		};
		44D058011F6758BA0023754E /* Build configuration list for PBXNativeTarget "rainbow_roadTests" */ = {
			isa = XCConfigurationList;
			buildConfigurations = (
				44D058021F6758BA0023754E /* Debug */,
				44D058031F6758BA0023754E /* Release */,
			);
			defaultConfigurationIsVisible = 0;
		};
		44D058041F6758BA0023754E /* Build configuration list for PBXNativeTarget "rainbow_roadUITests" */ = {
			isa = XCConfigurationList;
			buildConfigurations = (
				44D058051F6758BA0023754E /* Debug */,
				44D058061F6758BA0023754E /* Release */,
			);
			defaultConfigurationIsVisible = 0;
		};
/* End XCConfigurationList section */
	};
	rootObject = 44D057CE1F6758B90023754E /* Project object */;
}
